
Microsoft Visual Studio Solution File, Format Version 11.00
# Visual Studio 2010
Project("{FAE04EC0-301F-11D3-BF4B-00C04F79EFBC}") = "Q2BSP", "Q2BSP.csproj", "{16A93DDD-6C32-43A3-B219-E5BD5A27AF39}"
EndProject
Project("{FAE04EC0-301F-11D3-BF4B-00C04F79EFBC}") = "Q2BSPContent", "Content\Q2BSPContent.contentproj", "{29204DFD-5723-48DB-AC99-A8208752E4F1}"
EndProject
Global
	GlobalSection(SolutionConfigurationPlatforms) = preSolution
		Debug|x86 = Debug|x86
		Release|x86 = Release|x86
	EndGlobalSection
	GlobalSection(ProjectConfigurationPlatforms) = postSolution
		{16A93DDD-6C32-43A3-B219-E5BD5A27AF39}.Debug|x86.ActiveCfg = Debug|x86
		{16A93DDD-6C32-43A3-B219-E5BD5A27AF39}.Debug|x86.Build.0 = Debug|x86
		{16A93DDD-6C32-43A3-B219-E5BD5A27AF39}.Release|x86.ActiveCfg = Release|x86
		{16A93DDD-6C32-43A3-B219-E5BD5A27AF39}.Release|x86.Build.0 = Release|x86
		{29204DFD-5723-48DB-AC99-A8208752E4F1}.Debug|x86.ActiveCfg = Debug|x86
		{29204DFD-5723-48DB-AC99-A8208752E4F1}.Release|x86.ActiveCfg = Release|x86
	EndGlobalSection
	GlobalSection(SolutionProperties) = preSolution
		HideSolutionNode = FALSE
	EndGlobalSection
EndGlobal
